{
  "name": "material-design-lite",
  "lockfileVersion": 2,
  "requires": true,
  "packages": {
    "": {
      "devDependencies": {
        "@types/mocha": "^9.1.1"
      }
    },
    "node_modules/@types/mocha": {
      "version": "9.1.1",
      "resolved": "https://registry.npmjs.org/@types/mocha/-/mocha-9.1.1.tgz",
      "integrity": "sha512-Z61JK7DKDtdKTWwLeElSEBcWGRLY8g95ic5FoQqI9CMx0ns/Ghep3B4DfcEimiKMvtamNVULVNKEsiwV3aQmXw==",
      "dev": true
    },
    "third_party/material-color-utilities/typescript": {
      "name": "@material/material-color-utilities",
      "version": "0.1.2",
      "extraneous": true,
      "hasInstallScript": true,
      "license": "Apache-2.0",
      "devDependencies": {
        "@types/jasmine": "^3.10.3",
        "jasmine": "^4.0.2",
        "typescript": "^4.5.5",
        "vite": "^3.0.4"
      }
    }
  },
  "dependencies": {
    "@types/mocha": {
      "version": "9.1.1",
      "resolved": "https://registry.npmjs.org/@types/mocha/-/mocha-9.1.1.tgz",
      "integrity": "sha512-Z61JK7DKDtdKTWwLeElSEBcWGRLY8g95ic5FoQqI9CMx0ns/Ghep3B4DfcEimiKMvtamNVULVNKEsiwV3aQmXw==",
      "dev": true
    }
  }
}
